// !$*UTF8*$!
{
	archiveVersion = 1;
	classes = {
	};
	objectVersion = 56;
	objects = {

/* Begin PBXBuildFile section */
		4F82A96E2AB4A2C60052F3F9 /* I_Am_RitchApp.swift in Sources */ = {isa = PBXBuildFile; fileRef = 4F82A96D2AB4A2C60052F3F9 /* I_Am_RitchApp.swift */; };
		4F82A9702AB4A2C60052F3F9 /* ContentView.swift in Sources */ = {isa = PBXBuildFile; fileRef = 4F82A96F2AB4A2C60052F3F9 /* ContentView.swift */; };
		4F82A9722AB4A2C80052F3F9 /* Assets.xcassets in Resources */ = {isa = PBXBuildFile; fileRef = 4F82A9712AB4A2C80052F3F9 /* Assets.xcassets */; };
		4F82A9752AB4A2C80052F3F9 /* Preview Assets.xcassets in Resources */ = {isa = PBXBuildFile; fileRef = 4F82A9742AB4A2C80052F3F9 /* Preview Assets.xcassets */; };
		4F82A97F2AB4A2C90052F3F9 /* I_Am_RitchTests.swift in Sources */ = {isa = PBXBuildFile; fileRef = 4F82A97E2AB4A2C90052F3F9 /* I_Am_RitchTests.swift */; };
		4F82A9892AB4A2C90052F3F9 /* I_Am_RitchUITests.swift in Sources */ = {isa = PBXBuildFile; fileRef = 4F82A9882AB4A2C90052F3F9 /* I_Am_RitchUITests.swift */; };
		4F82A98B2AB4A2C90052F3F9 /* I_Am_RitchUITestsLaunchTests.swift in Sources */ = {isa = PBXBuildFile; fileRef = 4F82A98A2AB4A2C90052F3F9 /* I_Am_RitchUITestsLaunchTests.swift */; };
/* End PBXBuildFile section */

/* Begin PBXContainerItemProxy section */
		4F82A97B2AB4A2C90052F3F9 /* PBXContainerItemProxy */ = {
			isa = PBXContainerItemProxy;
			containerPortal = 4F82A9622AB4A2C60052F3F9 /* Project object */;
			proxyType = 1;
			remoteGlobalIDString = 4F82A9692AB4A2C60052F3F9;
			remoteInfo = "I Am Ritch";
		};
		4F82A9852AB4A2C90052F3F9 /* PBXContainerItemProxy */ = {
			isa = PBXContainerItemProxy;
			containerPortal = 4F82A9622AB4A2C60052F3F9 /* Project object */;
			proxyType = 1;
			remoteGlobalIDString = 4F82A9692AB4A2C60052F3F9;
			remoteInfo = "I Am Ritch";
		};
/* End PBXContainerItemProxy section */

/* Begin PBXFileReference section */
		4F82A96A2AB4A2C60052F3F9 /* I Am Ritch.app */ = {isa = PBXFileReference; explicitFileType = wrapper.application; includeInIndex = 0; path = "I Am Ritch.app"; sourceTree = BUILT_PRODUCTS_DIR; };
		4F82A96D2AB4A2C60052F3F9 /* I_Am_RitchApp.swift */ = {isa = PBXFileReference; lastKnownFileType = sourcecode.swift; path = I_Am_RitchApp.swift; sourceTree = "<group>"; };
		4F82A96F2AB4A2C60052F3F9 /* ContentView.swift */ = {isa = PBXFileReference; lastKnownFileType = sourcecode.swift; path = ContentView.swift; sourceTree = "<group>"; };
		4F82A9712AB4A2C80052F3F9 /* Assets.xcassets */ = {isa = PBXFileReference; lastKnownFileType = folder.assetcatalog; path = Assets.xcassets; sourceTree = "<group>"; };
		4F82A9742AB4A2C80052F3F9 /* Preview Assets.xcassets */ = {isa = PBXFileReference; lastKnownFileType = folder.assetcatalog; path = "Preview Assets.xcassets"; sourceTree = "<group>"; };
		4F82A97A2AB4A2C90052F3F9 /* I Am RitchTests.xctest */ = {isa = PBXFileReference; explicitFileType = wrapper.cfbundle; includeInIndex = 0; path = "I Am RitchTests.xctest"; sourceTree = BUILT_PRODUCTS_DIR; };
		4F82A97E2AB4A2C90052F3F9 /* I_Am_RitchTests.swift */ = {isa = PBXFileReference; lastKnownFileType = sourcecode.swift; path = I_Am_RitchTests.swift; sourceTree = "<group>"; };
		4F82A9842AB4A2C90052F3F9 /* I Am RitchUITests.xctest */ = {isa = PBXFileReference; explicitFileType = wrapper.cfbundle; includeInIndex = 0; path = "I Am RitchUITests.xctest"; sourceTree = BUILT_PRODUCTS_DIR; };
		4F82A9882AB4A2C90052F3F9 /* I_Am_RitchUITests.swift */ = {isa = PBXFileReference; lastKnownFileType = sourcecode.swift; path = I_Am_RitchUITests.swift; sourceTree = "<group>"; };
		4F82A98A2AB4A2C90052F3F9 /* I_Am_RitchUITestsLaunchTests.swift */ = {isa = PBXFileReference; lastKnownFileType = sourcecode.swift; path = I_Am_RitchUITestsLaunchTests.swift; sourceTree = "<group>"; };
/* End PBXFileReference section */

/* Begin PBXFrameworksBuildPhase section */
		4F82A9672AB4A2C60052F3F9 /* Frameworks */ = {
			isa = PBXFrameworksBuildPhase;
			buildActionMask = 2147483647;
			files = (
			);
			runOnlyForDeploymentPostprocessing = 0;
		};
		4F82A9772AB4A2C90052F3F9 /* Frameworks */ = {
			isa = PBXFrameworksBuildPhase;
			buildActionMask = 2147483647;
			files = (
			);
			runOnlyForDeploymentPostprocessing = 0;
		};
		4F82A9812AB4A2C90052F3F9 /* Frameworks */ = {
			isa = PBXFrameworksBuildPhase;
			buildActionMask = 2147483647;
			files = (
			);
			runOnlyForDeploymentPostprocessing = 0;
		};
/* End PBXFrameworksBuildPhase section */

/* Begin PBXGroup section */
		4F82A9612AB4A2C60052F3F9 = {
			isa = PBXGroup;
			children = (
				4F82A96C2AB4A2C60052F3F9 /* I Am Ritch */,
				4F82A97D2AB4A2C90052F3F9 /* I Am RitchTests */,
				4F82A9872AB4A2C90052F3F9 /* I Am RitchUITests */,
				4F82A96B2AB4A2C60052F3F9 /* Products */,
			);
			sourceTree = "<group>";
		};
		4F82A96B2AB4A2C60052F3F9 /* Products */ = {
			isa = PBXGroup;
			children = (
				4F82A96A2AB4A2C60052F3F9 /* I Am Ritch.app */,
				4F82A97A2AB4A2C90052F3F9 /* I Am RitchTests.xctest */,
				4F82A9842AB4A2C90052F3F9 /* I Am RitchUITests.xctest */,
			);
			name = Products;
			sourceTree = "<group>";
		};
		4F82A96C2AB4A2C60052F3F9 /* I Am Ritch */ = {
			isa = PBXGroup;
			children = (
				4F82A96D2AB4A2C60052F3F9 /* I_Am_RitchApp.swift */,
				4F82A96F2AB4A2C60052F3F9 /* ContentView.swift */,
				4F82A9712AB4A2C80052F3F9 /* Assets.xcassets */,
				4F82A9732AB4A2C80052F3F9 /* Preview Content */,
			);
			path = "I Am Ritch";
			sourceTree = "<group>";
		};
		4F82A9732AB4A2C80052F3F9 /* Preview Content */ = {
			isa = PBXGroup;
			children = (
				4F82A9742AB4A2C80052F3F9 /* Preview Assets.xcassets */,
			);
			path = "Preview Content";
			sourceTree = "<group>";
		};
		4F82A97D2AB4A2C90052F3F9 /* I Am RitchTests */ = {
			isa = PBXGroup;
			children = (
				4F82A97E2AB4A2C90052F3F9 /* I_Am_RitchTests.swift */,
			);
			path = "I Am RitchTests";
			sourceTree = "<group>";
		};
		4F82A9872AB4A2C90052F3F9 /* I Am RitchUITests */ = {
			isa = PBXGroup;
			children = (
				4F82A9882AB4A2C90052F3F9 /* I_Am_RitchUITests.swift */,
				4F82A98A2AB4A2C90052F3F9 /* I_Am_RitchUITestsLaunchTests.swift */,
			);
			path = "I Am RitchUITests";
			sourceTree = "<group>";
		};
/* End PBXGroup section */

/* Begin PBXNativeTarget section */
		4F82A9692AB4A2C60052F3F9 /* I Am Ritch */ = {
			isa = PBXNativeTarget;
			buildConfigurationList = 4F82A98E2AB4A2C90052F3F9 /* Build configuration list for PBXNativeTarget "I Am Ritch" */;
			buildPhases = (
				4F82A9662AB4A2C60052F3F9 /* Sources */,
				4F82A9672AB4A2C60052F3F9 /* Frameworks */,
				4F82A9682AB4A2C60052F3F9 /* Resources */,
			);
			buildRules = (
			);
			dependencies = (
			);
			name = "I Am Ritch";
			productName = "I Am Ritch";
			productReference = 4F82A96A2AB4A2C60052F3F9 /* I Am Ritch.app */;
			productType = "com.apple.product-type.application";
		};
		4F82A9792AB4A2C90052F3F9 /* I Am RitchTests */ = {
			isa = PBXNativeTarget;
			buildConfigurationList = 4F82A9912AB4A2C90052F3F9 /* Build configuration list for PBXNativeTarget "I Am RitchTests" */;
			buildPhases = (
				4F82A9762AB4A2C90052F3F9 /* Sources */,
				4F82A9772AB4A2C90052F3F9 /* Frameworks */,
				4F82A9782AB4A2C90052F3F9 /* Resources */,
			);
			buildRules = (
			);
			dependencies = (
				4F82A97C2AB4A2C90052F3F9 /* PBXTargetDependency */,
			);
			name = "I Am RitchTests";
			productName = "I Am RitchTests";
			productReference = 4F82A97A2AB4A2C90052F3F9 /* I Am RitchTests.xctest */;
			productType = "com.apple.product-type.bundle.unit-test";
		};
		4F82A9832AB4A2C90052F3F9 /* I Am RitchUITests */ = {
			isa = PBXNativeTarget;
			buildConfigurationList = 4F82A9942AB4A2C90052F3F9 /* Build configuration list for PBXNativeTarget "I Am RitchUITests" */;
			buildPhases = (
				4F82A9802AB4A2C90052F3F9 /* Sources */,
				4F82A9812AB4A2C90052F3F9 /* Frameworks */,
				4F82A9822AB4A2C90052F3F9 /* Resources */,
			);
			buildRules = (
			);
			dependencies = (
				4F82A9862AB4A2C90052F3F9 /* PBXTargetDependency */,
			);
			name = "I Am RitchUITests";
			productName = "I Am RitchUITests";
			productReference = 4F82A9842AB4A2C90052F3F9 /* I Am RitchUITests.xctest */;
			productType = "com.apple.product-type.bundle.ui-testing";
		};
/* End PBXNativeTarget section */

/* Begin PBXProject section */
		4F82A9622AB4A2C60052F3F9 /* Project object */ = {
			isa = PBXProject;
			attributes = {
				BuildIndependentTargetsInParallel = 1;
				LastSwiftUpdateCheck = 1420;
				LastUpgradeCheck = 1420;
				TargetAttributes = {
					4F82A9692AB4A2C60052F3F9 = {
						CreatedOnToolsVersion = 14.2;
					};
					4F82A9792AB4A2C90052F3F9 = {
						CreatedOnToolsVersion = 14.2;
						TestTargetID = 4F82A9692AB4A2C60052F3F9;
					};
					4F82A9832AB4A2C90052F3F9 = {
						CreatedOnToolsVersion = 14.2;
						TestTargetID = 4F82A9692AB4A2C60052F3F9;
					};
				};
			};
			buildConfigurationList = 4F82A9652AB4A2C60052F3F9 /* Build configuration list for PBXProject "I Am Ritch" */;
			compatibilityVersion = "Xcode 14.0";
			developmentRegion = en;
			hasScannedForEncodings = 0;
			knownRegions = (
				en,
				Base,
			);
			mainGroup = 4F82A9612AB4A2C60052F3F9;
			productRefGroup = 4F82A96B2AB4A2C60052F3F9 /* Products */;
			projectDirPath = "";
			projectRoot = "";
			targets = (
				4F82A9692AB4A2C60052F3F9 /* I Am Ritch */,
				4F82A9792AB4A2C90052F3F9 /* I Am RitchTests */,
				4F82A9832AB4A2C90052F3F9 /* I Am RitchUITests */,
			);
		};
/* End PBXProject section */

/* Begin PBXResourcesBuildPhase section */
		4F82A9682AB4A2C60052F3F9 /* Resources */ = {
			isa = PBXResourcesBuildPhase;
			buildActionMask = 2147483647;
			files = (
				4F82A9752AB4A2C80052F3F9 /* Preview Assets.xcassets in Resources */,
				4F82A9722AB4A2C80052F3F9 /* Assets.xcassets in Resources */,
			);
			runOnlyForDeploymentPostprocessing = 0;
		};
		4F82A9782AB4A2C90052F3F9 /* Resources */ = {
			isa = PBXResourcesBuildPhase;
			buildActionMask = 2147483647;
			files = (
			);
			runOnlyForDeploymentPostprocessing = 0;
		};
		4F82A9822AB4A2C90052F3F9 /* Resources */ = {
			isa = PBXResourcesBuildPhase;
			buildActionMask = 2147483647;
			files = (
			);
			runOnlyForDeploymentPostprocessing = 0;
		};
/* End PBXResourcesBuildPhase section */

/* Begin PBXSourcesBuildPhase section */
		4F82A9662AB4A2C60052F3F9 /* Sources */ = {
			isa = PBXSourcesBuildPhase;
			buildActionMask = 2147483647;
			files = (
				4F82A9702AB4A2C60052F3F9 /* ContentView.swift in Sources */,
				4F82A96E2AB4A2C60052F3F9 /* I_Am_RitchApp.swift in Sources */,
			);
			runOnlyForDeploymentPostprocessing = 0;
		};
		4F82A9762AB4A2C90052F3F9 /* Sources */ = {
			isa = PBXSourcesBuildPhase;
			buildActionMask = 2147483647;
			files = (
				4F82A97F2AB4A2C90052F3F9 /* I_Am_RitchTests.swift in Sources */,
			);
			runOnlyForDeploymentPostprocessing = 0;
		};
		4F82A9802AB4A2C90052F3F9 /* Sources */ = {
			isa = PBXSourcesBuildPhase;
			buildActionMask = 2147483647;
			files = (
				4F82A9892AB4A2C90052F3F9 /* I_Am_RitchUITests.swift in Sources */,
				4F82A98B2AB4A2C90052F3F9 /* I_Am_RitchUITestsLaunchTests.swift in Sources */,
			);
			runOnlyForDeploymentPostprocessing = 0;
		};
/* End PBXSourcesBuildPhase section */

/* Begin PBXTargetDependency section */
		4F82A97C2AB4A2C90052F3F9 /* PBXTargetDependency */ = {
			isa = PBXTargetDependency;
			target = 4F82A9692AB4A2C60052F3F9 /* I Am Ritch */;
			targetProxy = 4F82A97B2AB4A2C90052F3F9 /* PBXContainerItemProxy */;
		};
		4F82A9862AB4A2C90052F3F9 /* PBXTargetDependency */ = {
			isa = PBXTargetDependency;
			target = 4F82A9692AB4A2C60052F3F9 /* I Am Ritch */;
			targetProxy = 4F82A9852AB4A2C90052F3F9 /* PBXContainerItemProxy */;
		};
/* End PBXTargetDependency section */

/* Begin XCBuildConfiguration section */
		4F82A98C2AB4A2C90052F3F9 /* Debug */ = {
			isa = XCBuildConfiguration;
			buildSettings = {
				ALWAYS_SEARCH_USER_PATHS = NO;
				CLANG_ANALYZER_NONNULL = YES;
				CLANG_ANALYZER_NUMBER_OBJECT_CONVERSION = YES_AGGRESSIVE;
				CLANG_CXX_LANGUAGE_STANDARD = "gnu++20";
				CLANG_ENABLE_MODULES = YES;
				CLANG_ENABLE_OBJC_ARC = YES;
				CLANG_ENABLE_OBJC_WEAK = YES;
				CLANG_WARN_BLOCK_CAPTURE_AUTORELEASING = YES;
				CLANG_WARN_BOOL_CONVERSION = YES;
				CLANG_WARN_COMMA = YES;
				CLANG_WARN_CONSTANT_CONVERSION = YES;
				CLANG_WARN_DEPRECATED_OBJC_IMPLEMENTATIONS = YES;
				CLANG_WARN_DIRECT_OBJC_ISA_USAGE = YES_ERROR;
				CLANG_WARN_DOCUMENTATION_COMMENTS = YES;
				CLANG_WARN_EMPTY_BODY = YES;
				CLANG_WARN_ENUM_CONVERSION = YES;
				CLANG_WARN_INFINITE_RECURSION = YES;
				CLANG_WARN_INT_CONVERSION = YES;
				CLANG_WARN_NON_LITERAL_NULL_CONVERSION = YES;
				CLANG_WARN_OBJC_IMPLICIT_RETAIN_SELF = YES;
				CLANG_WARN_OBJC_LITERAL_CONVERSION = YES;
				CLANG_WARN_OBJC_ROOT_CLASS = YES_ERROR;
				CLANG_WARN_QUOTED_INCLUDE_IN_FRAMEWORK_HEADER = YES;
				CLANG_WARN_RANGE_LOOP_ANALYSIS = YES;
				CLANG_WARN_STRICT_PROTOTYPES = YES;
				CLANG_WARN_SUSPICIOUS_MOVE = YES;
				CLANG_WARN_UNGUARDED_AVAILABILITY = YES_AGGRESSIVE;
				CLANG_WARN_UNREACHABLE_CODE = YES;
				CLANG_WARN__DUPLICATE_METHOD_MATCH = YES;
				COPY_PHASE_STRIP = NO;
				DEBUG_INFORMATION_FORMAT = dwarf;
				ENABLE_STRICT_OBJC_MSGSEND = YES;
				ENABLE_TESTABILITY = YES;
				GCC_C_LANGUAGE_STANDARD = gnu11;
				GCC_DYNAMIC_NO_PIC = NO;
				GCC_NO_COMMON_BLOCKS = YES;
				GCC_OPTIMIZATION_LEVEL = 0;
				GCC_PREPROCESSOR_DEFINITIONS = (
					"DEBUG=1",
					"$(inherited)",
				);
				GCC_WARN_64_TO_32_BIT_CONVERSION = YES;
				GCC_WARN_ABOUT_RETURN_TYPE = YES_ERROR;
				GCC_WARN_UNDECLARED_SELECTOR = YES;
				GCC_WARN_UNINITIALIZED_AUTOS = YES_AGGRESSIVE;
				GCC_WARN_UNUSED_FUNCTION = YES;
				GCC_WARN_UNUSED_VARIABLE = YES;
				IPHONEOS_DEPLOYMENT_TARGET = 16.2;
				MTL_ENABLE_DEBUG_INFO = INCLUDE_SOURCE;
				MTL_FAST_MATH = YES;
				ONLY_ACTIVE_ARCH = YES;
				SDKROOT = iphoneos;
				SWIFT_ACTIVE_COMPILATION_CONDITIONS = DEBUG;
				SWIFT_OPTIMIZATION_LEVEL = "-Onone";
			};
			name = Debug;
		};
		4F82A98D2AB4A2C90052F3F9 /* Release */ = {
			isa = XCBuildConfiguration;
			buildSettings = {
				ALWAYS_SEARCH_USER_PATHS = NO;
				CLANG_ANALYZER_NONNULL = YES;
				CLANG_ANALYZER_NUMBER_OBJECT_CONVERSION = YES_AGGRESSIVE;
				CLANG_CXX_LANGUAGE_STANDARD = "gnu++20";
				CLANG_ENABLE_MODULES = YES;
				CLANG_ENABLE_OBJC_ARC = YES;
				CLANG_ENABLE_OBJC_WEAK = YES;
				CLANG_WARN_BLOCK_CAPTURE_AUTORELEASING = YES;
				CLANG_WARN_BOOL_CONVERSION = YES;
				CLANG_WARN_COMMA = YES;
				CLANG_WARN_CONSTANT_CONVERSION = YES;
				CLANG_WARN_DEPRECATED_OBJC_IMPLEMENTATIONS = YES;
				CLANG_WARN_DIRECT_OBJC_ISA_USAGE = YES_ERROR;
				CLANG_WARN_DOCUMENTATION_COMMENTS = YES;
				CLANG_WARN_EMPTY_BODY = YES;
				CLANG_WARN_ENUM_CONVERSION = YES;
				CLANG_WARN_INFINITE_RECURSION = YES;
				CLANG_WARN_INT_CONVERSION = YES;
				CLANG_WARN_NON_LITERAL_NULL_CONVERSION = YES;
				CLANG_WARN_OBJC_IMPLICIT_RETAIN_SELF = YES;
				CLANG_WARN_OBJC_LITERAL_CONVERSION = YES;
				CLANG_WARN_OBJC_ROOT_CLASS = YES_ERROR;
				CLANG_WARN_QUOTED_INCLUDE_IN_FRAMEWORK_HEADER = YES;
				CLANG_WARN_RANGE_LOOP_ANALYSIS = YES;
				CLANG_WARN_STRICT_PROTOTYPES = YES;
				CLANG_WARN_SUSPICIOUS_MOVE = YES;
				CLANG_WARN_UNGUARDED_AVAILABILITY = YES_AGGRESSIVE;
				CLANG_WARN_UNREACHABLE_CODE = YES;
				CLANG_WARN__DUPLICATE_METHOD_MATCH = YES;
				COPY_PHASE_STRIP = NO;
				DEBUG_INFORMATION_FORMAT = "dwarf-with-dsym";
				ENABLE_NS_ASSERTIONS = NO;
				ENABLE_STRICT_OBJC_MSGSEND = YES;
				GCC_C_LANGUAGE_STANDARD = gnu11;
				GCC_NO_COMMON_BLOCKS = YES;
				GCC_WARN_64_TO_32_BIT_CONVERSION = YES;
				GCC_WARN_ABOUT_RETURN_TYPE = YES_ERROR;
				GCC_WARN_UNDECLARED_SELECTOR = YES;
				GCC_WARN_UNINITIALIZED_AUTOS = YES_AGGRESSIVE;
				GCC_WARN_UNUSED_FUNCTION = YES;
				GCC_WARN_UNUSED_VARIABLE = YES;
				IPHONEOS_DEPLOYMENT_TARGET = 16.2;
				MTL_ENABLE_DEBUG_INFO = NO;
				MTL_FAST_MATH = YES;
				SDKROOT = iphoneos;
				SWIFT_COMPILATION_MODE = wholemodule;
				SWIFT_OPTIMIZATION_LEVEL = "-O";
				VALIDATE_PRODUCT = YES;
			};
			name = Release;
		};
		4F82A98F2AB4A2C90052F3F9 /* Debug */ = {
			isa = XCBuildConfiguration;
			buildSettings = {
				ASSETCATALOG_COMPILER_APPICON_NAME = AppIcon;
				ASSETCATALOG_COMPILER_GLOBAL_ACCENT_COLOR_NAME = AccentColor;
				CODE_SIGN_STYLE = Automatic;
				CURRENT_PROJECT_VERSION = 1;
				DEVELOPMENT_ASSET_PATHS = "\"I Am Ritch/Preview Content\"";
				ENABLE_PREVIEWS = YES;
				GENERATE_INFOPLIST_FILE = YES;
				INFOPLIST_KEY_UIApplicationSceneManifest_Generation = YES;
				INFOPLIST_KEY_UIApplicationSupportsIndirectInputEvents = YES;
				INFOPLIST_KEY_UILaunchScreen_Generation = YES;
				INFOPLIST_KEY_UISupportedInterfaceOrientations_iPad = "UIInterfaceOrientationPortrait UIInterfaceOrientationPortraitUpsideDown UIInterfaceOrientationLandscapeLeft UIInterfaceOrientationLandscapeRight";
				INFOPLIST_KEY_UISupportedInterfaceOrientations_iPhone = "UIInterfaceOrientationPortrait UIInterfaceOrientationLandscapeLeft UIInterfaceOrientationLandscapeRight";
				LD_RUNPATH_SEARCH_PATHS = (
					"$(inherited)",
					"@executable_path/Frameworks",
				);
				MARKETING_VERSION = 1.0;
				PRODUCT_BUNDLE_IDENTIFIER = "Beatriz-Souza.I-Am-Ritch";
				PRODUCT_NAME = "$(TARGET_NAME)";
				SWIFT_EMIT_LOC_STRINGS = YES;
				SWIFT_VERSION = 5.0;
				TARGETED_DEVICE_FAMILY = "1,2";
			};
			name = Debug;
		};
		4F82A9902AB4A2C90052F3F9 /* Release */ = {
			isa = XCBuildConfiguration;
			buildSettings = {
				ASSETCATALOG_COMPILER_APPICON_NAME = AppIcon;
				ASSETCATALOG_COMPILER_GLOBAL_ACCENT_COLOR_NAME = AccentColor;
				CODE_SIGN_STYLE = Automatic;
				CURRENT_PROJECT_VERSION = 1;
				DEVELOPMENT_ASSET_PATHS = "\"I Am Ritch/Preview Content\"";
				ENABLE_PREVIEWS = YES;
				GENERATE_INFOPLIST_FILE = YES;
				INFOPLIST_KEY_UIApplicationSceneManifest_Generation = YES;
				INFOPLIST_KEY_UIApplicationSupportsIndirectInputEvents = YES;
				INFOPLIST_KEY_UILaunchScreen_Generation = YES;
				INFOPLIST_KEY_UISupportedInterfaceOrientations_iPad = "UIInterfaceOrientationPortrait UIInterfaceOrientationPortraitUpsideDown UIInterfaceOrientationLandscapeLeft UIInterfaceOrientationLandscapeRight";
				INFOPLIST_KEY_UISupportedInterfaceOrientations_iPhone = "UIInterfaceOrientationPortrait UIInterfaceOrientationLandscapeLeft UIInterfaceOrientationLandscapeRight";
				LD_RUNPATH_SEARCH_PATHS = (
					"$(inherited)",
					"@executable_path/Frameworks",
				);
				MARKETING_VERSION = 1.0;
				PRODUCT_BUNDLE_IDENTIFIER = "Beatriz-Souza.I-Am-Ritch";
				PRODUCT_NAME = "$(TARGET_NAME)";
				SWIFT_EMIT_LOC_STRINGS = YES;
				SWIFT_VERSION = 5.0;
				TARGETED_DEVICE_FAMILY = "1,2";
			};
			name = Release;
		};
		4F82A9922AB4A2C90052F3F9 /* Debug */ = {
			isa = XCBuildConfiguration;
			buildSettings = {
				ALWAYS_EMBED_SWIFT_STANDARD_LIBRARIES = YES;
				BUNDLE_LOADER = "$(TEST_HOST)";
				CODE_SIGN_STYLE = Automatic;
				CURRENT_PROJECT_VERSION = 1;
				GENERATE_INFOPLIST_FILE = YES;
				IPHONEOS_DEPLOYMENT_TARGET = 16.2;
				MARKETING_VERSION = 1.0;
				PRODUCT_BUNDLE_IDENTIFIER = "Beatriz-Souza.I-Am-RitchTests";
				PRODUCT_NAME = "$(TARGET_NAME)";
				SWIFT_EMIT_LOC_STRINGS = NO;
				SWIFT_VERSION = 5.0;
				TARGETED_DEVICE_FAMILY = "1,2";
				TEST_HOST = "$(BUILT_PRODUCTS_DIR)/I Am Ritch.app/$(BUNDLE_EXECUTABLE_FOLDER_PATH)/I Am Ritch";
			};
			name = Debug;
		};
		4F82A9932AB4A2C90052F3F9 /* Release */ = {
			isa = XCBuildConfiguration;
			buildSettings = {
				ALWAYS_EMBED_SWIFT_STANDARD_LIBRARIES = YES;
				BUNDLE_LOADER = "$(TEST_HOST)";
				CODE_SIGN_STYLE = Automatic;
				CURRENT_PROJECT_VERSION = 1;
				GENERATE_INFOPLIST_FILE = YES;
				IPHONEOS_DEPLOYMENT_TARGET = 16.2;
				MARKETING_VERSION = 1.0;
				PRODUCT_BUNDLE_IDENTIFIER = "Beatriz-Souza.I-Am-RitchTests";
				PRODUCT_NAME = "$(TARGET_NAME)";
				SWIFT_EMIT_LOC_STRINGS = NO;
				SWIFT_VERSION = 5.0;
				TARGETED_DEVICE_FAMILY = "1,2";
				TEST_HOST = "$(BUILT_PRODUCTS_DIR)/I Am Ritch.app/$(BUNDLE_EXECUTABLE_FOLDER_PATH)/I Am Ritch";
			};
			name = Release;
		};
		4F82A9952AB4A2C90052F3F9 /* Debug */ = {
			isa = XCBuildConfiguration;
			buildSettings = {
				ALWAYS_EMBED_SWIFT_STANDARD_LIBRARIES = YES;
				CODE_SIGN_STYLE = Automatic;
				CURRENT_PROJECT_VERSION = 1;
				GENERATE_INFOPLIST_FILE = YES;
				MARKETING_VERSION = 1.0;
				PRODUCT_BUNDLE_IDENTIFIER = "Beatriz-Souza.I-Am-RitchUITests";
				PRODUCT_NAME = "$(TARGET_NAME)";
				SWIFT_EMIT_LOC_STRINGS = NO;
				SWIFT_VERSION = 5.0;
				TARGETED_DEVICE_FAMILY = "1,2";
				TEST_TARGET_NAME = "I Am Ritch";
			};
			name = Debug;
		};
		4F82A9962AB4A2C90052F3F9 /* Release */ = {
			isa = XCBuildConfiguration;
			buildSettings = {
				ALWAYS_EMBED_SWIFT_STANDARD_LIBRARIES = YES;
				CODE_SIGN_STYLE = Automatic;
				CURRENT_PROJECT_VERSION = 1;
				GENERATE_INFOPLIST_FILE = YES;
				MARKETING_VERSION = 1.0;
				PRODUCT_BUNDLE_IDENTIFIER = "Beatriz-Souza.I-Am-RitchUITests";
				PRODUCT_NAME = "$(TARGET_NAME)";
				SWIFT_EMIT_LOC_STRINGS = NO;
				SWIFT_VERSION = 5.0;
				TARGETED_DEVICE_FAMILY = "1,2";
				TEST_TARGET_NAME = "I Am Ritch";
			};
			name = Release;
		};
/* End XCBuildConfiguration section */

/* Begin XCConfigurationList section */
		4F82A9652AB4A2C60052F3F9 /* Build configuration list for PBXProject "I Am Ritch" */ = {
			isa = XCConfigurationList;
			buildConfigurations = (
				4F82A98C2AB4A2C90052F3F9 /* Debug */,
				4F82A98D2AB4A2C90052F3F9 /* Release */,
			);
			defaultConfigurationIsVisible = 0;
			defaultConfigurationName = Release;
		};
		4F82A98E2AB4A2C90052F3F9 /* Build configuration list for PBXNativeTarget "I Am Ritch" */ = {
			isa = XCConfigurationList;
			buildConfigurations = (
				4F82A98F2AB4A2C90052F3F9 /* Debug */,
				4F82A9902AB4A2C90052F3F9 /* Release */,
			);
			defaultConfigurationIsVisible = 0;
			defaultConfigurationName = Release;
		};
		4F82A9912AB4A2C90052F3F9 /* Build configuration list for PBXNativeTarget "I Am RitchTests" */ = {
			isa = XCConfigurationList;
			buildConfigurations = (
				4F82A9922AB4A2C90052F3F9 /* Debug */,
				4F82A9932AB4A2C90052F3F9 /* Release */,
			);
			defaultConfigurationIsVisible = 0;
			defaultConfigurationName = Release;
		};
		4F82A9942AB4A2C90052F3F9 /* Build configuration list for PBXNativeTarget "I Am RitchUITests" */ = {
			isa = XCConfigurationList;
			buildConfigurations = (
				4F82A9952AB4A2C90052F3F9 /* Debug */,
				4F82A9962AB4A2C90052F3F9 /* Release */,
			);
			defaultConfigurationIsVisible = 0;
			defaultConfigurationName = Release;
		};
/* End XCConfigurationList section */
	};
	rootObject = 4F82A9622AB4A2C60052F3F9 /* Project object */;
}
